
Microsoft Visual Studio Solution File, Format Version 11.00
# Visual Studio 2010
Project("{FAE04EC0-301F-11D3-BF4B-00C04F79EFBC}") = "FPS-Space", "Assembly-CSharp-firstpass.csproj", "{0E974FD6-D60D-331B-F620-81BB39F175AF}"
EndProject
Project("{FAE04EC0-301F-11D3-BF4B-00C04F79EFBC}") = "FPS-Space", "Assembly-CSharp-Editor-firstpass.csproj", "{E9C2D1B9-1EF6-FE72-FA6D-85DA22F946F9}"
EndProject
Global
	GlobalSection(SolutionConfigurationPlatforms) = preSolution
		Debug|Any CPU = Debug|Any CPU
		Release|Any CPU = Release|Any CPU
	EndGlobalSection
	GlobalSection(ProjectConfigurationPlatforms) = postSolution
		{0E974FD6-D60D-331B-F620-81BB39F175AF}.Debug|Any CPU.ActiveCfg = Debug|Any CPU
		{0E974FD6-D60D-331B-F620-81BB39F175AF}.Debug|Any CPU.Build.0 = Debug|Any CPU
		{0E974FD6-D60D-331B-F620-81BB39F175AF}.Release|Any CPU.ActiveCfg = Release|Any CPU
		{0E974FD6-D60D-331B-F620-81BB39F175AF}.Release|Any CPU.Build.0 = Release|Any CPU
		{E9C2D1B9-1EF6-FE72-FA6D-85DA22F946F9}.Debug|Any CPU.ActiveCfg = Debug|Any CPU
		{E9C2D1B9-1EF6-FE72-FA6D-85DA22F946F9}.Debug|Any CPU.Build.0 = Debug|Any CPU
		{E9C2D1B9-1EF6-FE72-FA6D-85DA22F946F9}.Release|Any CPU.ActiveCfg = Release|Any CPU
		{E9C2D1B9-1EF6-FE72-FA6D-85DA22F946F9}.Release|Any CPU.Build.0 = Release|Any CPU
	EndGlobalSection
	GlobalSection(SolutionProperties) = preSolution
		HideSolutionNode = FALSE
	EndGlobalSection
	GlobalSection(MonoDevelopProperties) = preSolution
		StartupItem = Assembly-CSharp.csproj
	EndGlobalSection
EndGlobal
